// !$*UTF8*$!
{
	archiveVersion = 1;
	classes = {
	};
	objectVersion = 51;
	objects = {

/* Begin PBXBuildFile section */
		150843F73DD036043AC077EA /* Pods_Hackathon.framework in Frameworks */ = {isa = PBXBuildFile; fileRef = B8175A616C20B9BDF282D462 /* Pods_Hackathon.framework */; };
		759894132637761B00028168 /* Teams.swift in Sources */ = {isa = PBXBuildFile; fileRef = 759894122637761B00028168 /* Teams.swift */; };
		75A864F1263722CA00D769E4 /* AppDelegate.swift in Sources */ = {isa = PBXBuildFile; fileRef = 75A864F0263722CA00D769E4 /* AppDelegate.swift */; };
		75A864F3263722CA00D769E4 /* SceneDelegate.swift in Sources */ = {isa = PBXBuildFile; fileRef = 75A864F2263722CA00D769E4 /* SceneDelegate.swift */; };
		75A864F5263722CA00D769E4 /* LoginViewController.swift in Sources */ = {isa = PBXBuildFile; fileRef = 75A864F4263722CA00D769E4 /* LoginViewController.swift */; };
		75A864F8263722CA00D769E4 /* Main.storyboard in Resources */ = {isa = PBXBuildFile; fileRef = 75A864F6263722CA00D769E4 /* Main.storyboard */; };
		75A864FA263722CC00D769E4 /* Assets.xcassets in Resources */ = {isa = PBXBuildFile; fileRef = 75A864F9263722CC00D769E4 /* Assets.xcassets */; };
		75A864FD263722CC00D769E4 /* LaunchScreen.storyboard in Resources */ = {isa = PBXBuildFile; fileRef = 75A864FB263722CC00D769E4 /* LaunchScreen.storyboard */; };
		75C7EADB2637245A0084F32E /* GoogleService-Info.plist in Resources */ = {isa = PBXBuildFile; fileRef = 75C7EADA2637245A0084F32E /* GoogleService-Info.plist */; };
		75C7EADE263726C20084F32E /* APIKeys.swift in Sources */ = {isa = PBXBuildFile; fileRef = 75C7EADD263726C20084F32E /* APIKeys.swift */; };
		75C7EAE326375FE60084F32E /* TeamsListViewController.swift in Sources */ = {isa = PBXBuildFile; fileRef = 75C7EAE226375FE60084F32E /* TeamsListViewController.swift */; };
		75C7EAE6263763A80084F32E /* TeamDetailTableViewController.swift in Sources */ = {isa = PBXBuildFile; fileRef = 75C7EAE5263763A80084F32E /* TeamDetailTableViewController.swift */; };
		75C7EAE9263768870084F32E /* Team.swift in Sources */ = {isa = PBXBuildFile; fileRef = 75C7EAE8263768870084F32E /* Team.swift */; };
/* End PBXBuildFile section */

/* Begin PBXFileReference section */
		759894122637761B00028168 /* Teams.swift */ = {isa = PBXFileReference; lastKnownFileType = sourcecode.swift; path = Teams.swift; sourceTree = "<group>"; };
		75A864ED263722CA00D769E4 /* Hackathon.app */ = {isa = PBXFileReference; explicitFileType = wrapper.application; includeInIndex = 0; path = Hackathon.app; sourceTree = BUILT_PRODUCTS_DIR; };
		75A864F0263722CA00D769E4 /* AppDelegate.swift */ = {isa = PBXFileReference; lastKnownFileType = sourcecode.swift; path = AppDelegate.swift; sourceTree = "<group>"; };
		75A864F2263722CA00D769E4 /* SceneDelegate.swift */ = {isa = PBXFileReference; lastKnownFileType = sourcecode.swift; path = SceneDelegate.swift; sourceTree = "<group>"; };
		75A864F4263722CA00D769E4 /* LoginViewController.swift */ = {isa = PBXFileReference; lastKnownFileType = sourcecode.swift; path = LoginViewController.swift; sourceTree = "<group>"; };
		75A864F7263722CA00D769E4 /* Base */ = {isa = PBXFileReference; lastKnownFileType = file.storyboard; name = Base; path = Base.lproj/Main.storyboard; sourceTree = "<group>"; };
		75A864F9263722CC00D769E4 /* Assets.xcassets */ = {isa = PBXFileReference; lastKnownFileType = folder.assetcatalog; path = Assets.xcassets; sourceTree = "<group>"; };
		75A864FC263722CC00D769E4 /* Base */ = {isa = PBXFileReference; lastKnownFileType = file.storyboard; name = Base; path = Base.lproj/LaunchScreen.storyboard; sourceTree = "<group>"; };
		75A864FE263722CC00D769E4 /* Info.plist */ = {isa = PBXFileReference; lastKnownFileType = text.plist.xml; path = Info.plist; sourceTree = "<group>"; };
		75C7EADA2637245A0084F32E /* GoogleService-Info.plist */ = {isa = PBXFileReference; lastKnownFileType = text.plist; path = "GoogleService-Info.plist"; sourceTree = SOURCE_ROOT; };
		75C7EADD263726C20084F32E /* APIKeys.swift */ = {isa = PBXFileReference; lastKnownFileType = sourcecode.swift; path = APIKeys.swift; sourceTree = "<group>"; };
		75C7EAE226375FE60084F32E /* TeamsListViewController.swift */ = {isa = PBXFileReference; lastKnownFileType = sourcecode.swift; path = TeamsListViewController.swift; sourceTree = "<group>"; };
		75C7EAE5263763A80084F32E /* TeamDetailTableViewController.swift */ = {isa = PBXFileReference; lastKnownFileType = sourcecode.swift; path = TeamDetailTableViewController.swift; sourceTree = "<group>"; };
		75C7EAE8263768870084F32E /* Team.swift */ = {isa = PBXFileReference; lastKnownFileType = sourcecode.swift; path = Team.swift; sourceTree = "<group>"; };
		87BCD878F3D21BCC5C49DBAE /* Pods-Hackathon.release.xcconfig */ = {isa = PBXFileReference; includeInIndex = 1; lastKnownFileType = text.xcconfig; name = "Pods-Hackathon.release.xcconfig"; path = "Target Support Files/Pods-Hackathon/Pods-Hackathon.release.xcconfig"; sourceTree = "<group>"; };
		941481A40D525D175950FDAB /* Pods-Hackathon.debug.xcconfig */ = {isa = PBXFileReference; includeInIndex = 1; lastKnownFileType = text.xcconfig; name = "Pods-Hackathon.debug.xcconfig"; path = "Target Support Files/Pods-Hackathon/Pods-Hackathon.debug.xcconfig"; sourceTree = "<group>"; };
		B8175A616C20B9BDF282D462 /* Pods_Hackathon.framework */ = {isa = PBXFileReference; explicitFileType = wrapper.framework; includeInIndex = 0; path = Pods_Hackathon.framework; sourceTree = BUILT_PRODUCTS_DIR; };
/* End PBXFileReference section */

/* Begin PBXFrameworksBuildPhase section */
		75A864EA263722CA00D769E4 /* Frameworks */ = {
			isa = PBXFrameworksBuildPhase;
			buildActionMask = 2147483647;
			files = (
				150843F73DD036043AC077EA /* Pods_Hackathon.framework in Frameworks */,
			);
			runOnlyForDeploymentPostprocessing = 0;
		};
/* End PBXFrameworksBuildPhase section */

/* Begin PBXGroup section */
		49BC5A215CC68FE3996D93D6 /* Frameworks */ = {
			isa = PBXGroup;
			children = (
				B8175A616C20B9BDF282D462 /* Pods_Hackathon.framework */,
			);
			name = Frameworks;
			sourceTree = "<group>";
		};
		75A864E4263722CA00D769E4 = {
			isa = PBXGroup;
			children = (
				75A864EF263722CA00D769E4 /* Hackathon */,
				75A864EE263722CA00D769E4 /* Products */,
				D5E1E3CB12BA7C914C92B710 /* Pods */,
				49BC5A215CC68FE3996D93D6 /* Frameworks */,
			);
			sourceTree = "<group>";
		};
		75A864EE263722CA00D769E4 /* Products */ = {
			isa = PBXGroup;
			children = (
				75A864ED263722CA00D769E4 /* Hackathon.app */,
			);
			name = Products;
			sourceTree = "<group>";
		};
		75A864EF263722CA00D769E4 /* Hackathon */ = {
			isa = PBXGroup;
			children = (
				75A864F0263722CA00D769E4 /* AppDelegate.swift */,
				75A864F2263722CA00D769E4 /* SceneDelegate.swift */,
				75C7EAE8263768870084F32E /* Team.swift */,
				759894122637761B00028168 /* Teams.swift */,
				75A864F4263722CA00D769E4 /* LoginViewController.swift */,
				75C7EAE226375FE60084F32E /* TeamsListViewController.swift */,
				75C7EAE5263763A80084F32E /* TeamDetailTableViewController.swift */,
				75A864F6263722CA00D769E4 /* Main.storyboard */,
				75A864F9263722CC00D769E4 /* Assets.xcassets */,
				75A864FB263722CC00D769E4 /* LaunchScreen.storyboard */,
				75C7EADD263726C20084F32E /* APIKeys.swift */,
				75A864FE263722CC00D769E4 /* Info.plist */,
				75C7EADA2637245A0084F32E /* GoogleService-Info.plist */,
			);
			path = Hackathon;
			sourceTree = "<group>";
		};
		D5E1E3CB12BA7C914C92B710 /* Pods */ = {
			isa = PBXGroup;
			children = (
				941481A40D525D175950FDAB /* Pods-Hackathon.debug.xcconfig */,
				87BCD878F3D21BCC5C49DBAE /* Pods-Hackathon.release.xcconfig */,
			);
			path = Pods;
			sourceTree = "<group>";
		};
/* End PBXGroup section */

/* Begin PBXNativeTarget section */
		75A864EC263722CA00D769E4 /* Hackathon */ = {
			isa = PBXNativeTarget;
			buildConfigurationList = 75A86501263722CC00D769E4 /* Build configuration list for PBXNativeTarget "Hackathon" */;
			buildPhases = (
				19715771DECDB7CB447757E1 /* [CP] Check Pods Manifest.lock */,
				75A864E9263722CA00D769E4 /* Sources */,
				75A864EA263722CA00D769E4 /* Frameworks */,
				75A864EB263722CA00D769E4 /* Resources */,
				41ACAFE075E8F0522C76A975 /* [CP] Embed Pods Frameworks */,
				8AC829A78BC536FAE9699A2E /* [CP] Copy Pods Resources */,
			);
			buildRules = (
			);
			dependencies = (
			);
			name = Hackathon;
			productName = Hackathon;
			productReference = 75A864ED263722CA00D769E4 /* Hackathon.app */;
			productType = "com.apple.product-type.application";
		};
/* End PBXNativeTarget section */

/* Begin PBXProject section */
		75A864E5263722CA00D769E4 /* Project object */ = {
			isa = PBXProject;
			attributes = {
				LastSwiftUpdateCheck = 1240;
				LastUpgradeCheck = 1240;
				TargetAttributes = {
					75A864EC263722CA00D769E4 = {
						CreatedOnToolsVersion = 12.4;
					};
				};
			};
			buildConfigurationList = 75A864E8263722CA00D769E4 /* Build configuration list for PBXProject "Hackathon" */;
			compatibilityVersion = "Xcode 9.3";
			developmentRegion = en;
			hasScannedForEncodings = 0;
			knownRegions = (
				en,
				Base,
			);
			mainGroup = 75A864E4263722CA00D769E4;
			productRefGroup = 75A864EE263722CA00D769E4 /* Products */;
			projectDirPath = "";
			projectRoot = "";
			targets = (
				75A864EC263722CA00D769E4 /* Hackathon */,
			);
		};
/* End PBXProject section */

/* Begin PBXResourcesBuildPhase section */
		75A864EB263722CA00D769E4 /* Resources */ = {
			isa = PBXResourcesBuildPhase;
			buildActionMask = 2147483647;
			files = (
				75A864FD263722CC00D769E4 /* LaunchScreen.storyboard in Resources */,
				75C7EADB2637245A0084F32E /* GoogleService-Info.plist in Resources */,
				75A864FA263722CC00D769E4 /* Assets.xcassets in Resources */,
				75A864F8263722CA00D769E4 /* Main.storyboard in Resources */,
			);
			runOnlyForDeploymentPostprocessing = 0;
		};
/* End PBXResourcesBuildPhase section */

/* Begin PBXShellScriptBuildPhase section */
		19715771DECDB7CB447757E1 /* [CP] Check Pods Manifest.lock */ = {
			isa = PBXShellScriptBuildPhase;
			buildActionMask = 2147483647;
			files = (
			);
			inputFileListPaths = (
			);
			inputPaths = (
				"${PODS_PODFILE_DIR_PATH}/Podfile.lock",
				"${PODS_ROOT}/Manifest.lock",
			);
			name = "[CP] Check Pods Manifest.lock";
			outputFileListPaths = (
			);
			outputPaths = (
				"$(DERIVED_FILE_DIR)/Pods-Hackathon-checkManifestLockResult.txt",
			);
			runOnlyForDeploymentPostprocessing = 0;
			shellPath = /bin/sh;
			shellScript = "diff \"${PODS_PODFILE_DIR_PATH}/Podfile.lock\" \"${PODS_ROOT}/Manifest.lock\" > /dev/null\nif [ $? != 0 ] ; then\n    # print error to STDERR\n    echo \"error: The sandbox is not in sync with the Podfile.lock. Run 'pod install' or update your CocoaPods installation.\" >&2\n    exit 1\nfi\n# This output is used by Xcode 'outputs' to avoid re-running this script phase.\necho \"SUCCESS\" > \"${SCRIPT_OUTPUT_FILE_0}\"\n";
			showEnvVarsInLog = 0;
		};
		41ACAFE075E8F0522C76A975 /* [CP] Embed Pods Frameworks */ = {
			isa = PBXShellScriptBuildPhase;
			buildActionMask = 2147483647;
			files = (
			);
			inputFileListPaths = (
				"${PODS_ROOT}/Target Support Files/Pods-Hackathon/Pods-Hackathon-frameworks-${CONFIGURATION}-input-files.xcfilelist",
			);
			name = "[CP] Embed Pods Frameworks";
			outputFileListPaths = (
				"${PODS_ROOT}/Target Support Files/Pods-Hackathon/Pods-Hackathon-frameworks-${CONFIGURATION}-output-files.xcfilelist",
			);
			runOnlyForDeploymentPostprocessing = 0;
			shellPath = /bin/sh;
			shellScript = "\"${PODS_ROOT}/Target Support Files/Pods-Hackathon/Pods-Hackathon-frameworks.sh\"\n";
			showEnvVarsInLog = 0;
		};
		8AC829A78BC536FAE9699A2E /* [CP] Copy Pods Resources */ = {
			isa = PBXShellScriptBuildPhase;
			buildActionMask = 2147483647;
			files = (
			);
			inputFileListPaths = (
				"${PODS_ROOT}/Target Support Files/Pods-Hackathon/Pods-Hackathon-resources-${CONFIGURATION}-input-files.xcfilelist",
			);
			name = "[CP] Copy Pods Resources";
			outputFileListPaths = (
				"${PODS_ROOT}/Target Support Files/Pods-Hackathon/Pods-Hackathon-resources-${CONFIGURATION}-output-files.xcfilelist",
			);
			runOnlyForDeploymentPostprocessing = 0;
			shellPath = /bin/sh;
			shellScript = "\"${PODS_ROOT}/Target Support Files/Pods-Hackathon/Pods-Hackathon-resources.sh\"\n";
			showEnvVarsInLog = 0;
		};
/* End PBXShellScriptBuildPhase section */

/* Begin PBXSourcesBuildPhase section */
		75A864E9263722CA00D769E4 /* Sources */ = {
			isa = PBXSourcesBuildPhase;
			buildActionMask = 2147483647;
			files = (
				759894132637761B00028168 /* Teams.swift in Sources */,
				75A864F5263722CA00D769E4 /* LoginViewController.swift in Sources */,
				75A864F1263722CA00D769E4 /* AppDelegate.swift in Sources */,
				75C7EAE9263768870084F32E /* Team.swift in Sources */,
				75C7EADE263726C20084F32E /* APIKeys.swift in Sources */,
				75C7EAE6263763A80084F32E /* TeamDetailTableViewController.swift in Sources */,
				75C7EAE326375FE60084F32E /* TeamsListViewController.swift in Sources */,
				75A864F3263722CA00D769E4 /* SceneDelegate.swift in Sources */,
			);
			runOnlyForDeploymentPostprocessing = 0;
		};
/* End PBXSourcesBuildPhase section */

/* Begin PBXVariantGroup section */
		75A864F6263722CA00D769E4 /* Main.storyboard */ = {
			isa = PBXVariantGroup;
			children = (
				75A864F7263722CA00D769E4 /* Base */,
			);
			name = Main.storyboard;
			sourceTree = "<group>";
		};
		75A864FB263722CC00D769E4 /* LaunchScreen.storyboard */ = {
			isa = PBXVariantGroup;
			children = (
				75A864FC263722CC00D769E4 /* Base */,
			);
			name = LaunchScreen.storyboard;
			sourceTree = "<group>";
		};
/* End PBXVariantGroup section */

/* Begin XCBuildConfiguration section */
		75A864FF263722CC00D769E4 /* Debug */ = {
			isa = XCBuildConfiguration;
			buildSettings = {
				ALWAYS_SEARCH_USER_PATHS = NO;
				CLANG_ANALYZER_NONNULL = YES;
				CLANG_ANALYZER_NUMBER_OBJECT_CONVERSION = YES_AGGRESSIVE;
				CLANG_CXX_LANGUAGE_STANDARD = "gnu++14";
				CLANG_CXX_LIBRARY = "libc++";
				CLANG_ENABLE_MODULES = YES;
				CLANG_ENABLE_OBJC_ARC = YES;
				CLANG_ENABLE_OBJC_WEAK = YES;
				CLANG_WARN_BLOCK_CAPTURE_AUTORELEASING = YES;
				CLANG_WARN_BOOL_CONVERSION = YES;
				CLANG_WARN_COMMA = YES;
				CLANG_WARN_CONSTANT_CONVERSION = YES;
				CLANG_WARN_DEPRECATED_OBJC_IMPLEMENTATIONS = YES;
				CLANG_WARN_DIRECT_OBJC_ISA_USAGE = YES_ERROR;
				CLANG_WARN_DOCUMENTATION_COMMENTS = YES;
				CLANG_WARN_EMPTY_BODY = YES;
				CLANG_WARN_ENUM_CONVERSION = YES;
				CLANG_WARN_INFINITE_RECURSION = YES;
				CLANG_WARN_INT_CONVERSION = YES;
				CLANG_WARN_NON_LITERAL_NULL_CONVERSION = YES;
				CLANG_WARN_OBJC_IMPLICIT_RETAIN_SELF = YES;
				CLANG_WARN_OBJC_LITERAL_CONVERSION = YES;
				CLANG_WARN_OBJC_ROOT_CLASS = YES_ERROR;
				CLANG_WARN_QUOTED_INCLUDE_IN_FRAMEWORK_HEADER = YES;
				CLANG_WARN_RANGE_LOOP_ANALYSIS = YES;
				CLANG_WARN_STRICT_PROTOTYPES = YES;
				CLANG_WARN_SUSPICIOUS_MOVE = YES;
				CLANG_WARN_UNGUARDED_AVAILABILITY = YES_AGGRESSIVE;
				CLANG_WARN_UNREACHABLE_CODE = YES;
				CLANG_WARN__DUPLICATE_METHOD_MATCH = YES;
				COPY_PHASE_STRIP = NO;
				DEBUG_INFORMATION_FORMAT = dwarf;
				ENABLE_STRICT_OBJC_MSGSEND = YES;
				ENABLE_TESTABILITY = YES;
				GCC_C_LANGUAGE_STANDARD = gnu11;
				GCC_DYNAMIC_NO_PIC = NO;
				GCC_NO_COMMON_BLOCKS = YES;
				GCC_OPTIMIZATION_LEVEL = 0;
				GCC_PREPROCESSOR_DEFINITIONS = (
					"DEBUG=1",
					"$(inherited)",
				);
				GCC_WARN_64_TO_32_BIT_CONVERSION = YES;
				GCC_WARN_ABOUT_RETURN_TYPE = YES_ERROR;
				GCC_WARN_UNDECLARED_SELECTOR = YES;
				GCC_WARN_UNINITIALIZED_AUTOS = YES_AGGRESSIVE;
				GCC_WARN_UNUSED_FUNCTION = YES;
				GCC_WARN_UNUSED_VARIABLE = YES;
				IPHONEOS_DEPLOYMENT_TARGET = 14.4;
				MTL_ENABLE_DEBUG_INFO = INCLUDE_SOURCE;
				MTL_FAST_MATH = YES;
				ONLY_ACTIVE_ARCH = YES;
				SDKROOT = iphoneos;
				SWIFT_ACTIVE_COMPILATION_CONDITIONS = DEBUG;
				SWIFT_OPTIMIZATION_LEVEL = "-Onone";
			};
			name = Debug;
		};
		75A86500263722CC00D769E4 /* Release */ = {
			isa = XCBuildConfiguration;
			buildSettings = {
				ALWAYS_SEARCH_USER_PATHS = NO;
				CLANG_ANALYZER_NONNULL = YES;
				CLANG_ANALYZER_NUMBER_OBJECT_CONVERSION = YES_AGGRESSIVE;
				CLANG_CXX_LANGUAGE_STANDARD = "gnu++14";
				CLANG_CXX_LIBRARY = "libc++";
				CLANG_ENABLE_MODULES = YES;
				CLANG_ENABLE_OBJC_ARC = YES;
				CLANG_ENABLE_OBJC_WEAK = YES;
				CLANG_WARN_BLOCK_CAPTURE_AUTORELEASING = YES;
				CLANG_WARN_BOOL_CONVERSION = YES;
				CLANG_WARN_COMMA = YES;
				CLANG_WARN_CONSTANT_CONVERSION = YES;
				CLANG_WARN_DEPRECATED_OBJC_IMPLEMENTATIONS = YES;
				CLANG_WARN_DIRECT_OBJC_ISA_USAGE = YES_ERROR;
				CLANG_WARN_DOCUMENTATION_COMMENTS = YES;
				CLANG_WARN_EMPTY_BODY = YES;
				CLANG_WARN_ENUM_CONVERSION = YES;
				CLANG_WARN_INFINITE_RECURSION = YES;
				CLANG_WARN_INT_CONVERSION = YES;
				CLANG_WARN_NON_LITERAL_NULL_CONVERSION = YES;
				CLANG_WARN_OBJC_IMPLICIT_RETAIN_SELF = YES;
				CLANG_WARN_OBJC_LITERAL_CONVERSION = YES;
				CLANG_WARN_OBJC_ROOT_CLASS = YES_ERROR;
				CLANG_WARN_QUOTED_INCLUDE_IN_FRAMEWORK_HEADER = YES;
				CLANG_WARN_RANGE_LOOP_ANALYSIS = YES;
				CLANG_WARN_STRICT_PROTOTYPES = YES;
				CLANG_WARN_SUSPICIOUS_MOVE = YES;
				CLANG_WARN_UNGUARDED_AVAILABILITY = YES_AGGRESSIVE;
				CLANG_WARN_UNREACHABLE_CODE = YES;
				CLANG_WARN__DUPLICATE_METHOD_MATCH = YES;
				COPY_PHASE_STRIP = NO;
				DEBUG_INFORMATION_FORMAT = "dwarf-with-dsym";
				ENABLE_NS_ASSERTIONS = NO;
				ENABLE_STRICT_OBJC_MSGSEND = YES;
				GCC_C_LANGUAGE_STANDARD = gnu11;
				GCC_NO_COMMON_BLOCKS = YES;
				GCC_WARN_64_TO_32_BIT_CONVERSION = YES;
				GCC_WARN_ABOUT_RETURN_TYPE = YES_ERROR;
				GCC_WARN_UNDECLARED_SELECTOR = YES;
				GCC_WARN_UNINITIALIZED_AUTOS = YES_AGGRESSIVE;
				GCC_WARN_UNUSED_FUNCTION = YES;
				GCC_WARN_UNUSED_VARIABLE = YES;
				IPHONEOS_DEPLOYMENT_TARGET = 14.4;
				MTL_ENABLE_DEBUG_INFO = NO;
				MTL_FAST_MATH = YES;
				SDKROOT = iphoneos;
				SWIFT_COMPILATION_MODE = wholemodule;
				SWIFT_OPTIMIZATION_LEVEL = "-O";
				VALIDATE_PRODUCT = YES;
			};
			name = Release;
		};
		75A86502263722CC00D769E4 /* Debug */ = {
			isa = XCBuildConfiguration;
			baseConfigurationReference = 941481A40D525D175950FDAB /* Pods-Hackathon.debug.xcconfig */;
			buildSettings = {
				ASSETCATALOG_COMPILER_APPICON_NAME = AppIcon;
				ASSETCATALOG_COMPILER_GLOBAL_ACCENT_COLOR_NAME = AccentColor;
				CODE_SIGN_STYLE = Automatic;
				DEVELOPMENT_TEAM = 9AJN84H4RU;
				INFOPLIST_FILE = Hackathon/Info.plist;
				LD_RUNPATH_SEARCH_PATHS = (
					"$(inherited)",
					"@executable_path/Frameworks",
				);
				PRODUCT_BUNDLE_IDENTIFIER = com.obe.Hackathon;
				PRODUCT_NAME = "$(TARGET_NAME)";
				SWIFT_VERSION = 5.0;
				TARGETED_DEVICE_FAMILY = "1,2";
			};
			name = Debug;
		};
		75A86503263722CC00D769E4 /* Release */ = {
			isa = XCBuildConfiguration;
			baseConfigurationReference = 87BCD878F3D21BCC5C49DBAE /* Pods-Hackathon.release.xcconfig */;
			buildSettings = {
				ASSETCATALOG_COMPILER_APPICON_NAME = AppIcon;
				ASSETCATALOG_COMPILER_GLOBAL_ACCENT_COLOR_NAME = AccentColor;
				CODE_SIGN_STYLE = Automatic;
				DEVELOPMENT_TEAM = 9AJN84H4RU;
				INFOPLIST_FILE = Hackathon/Info.plist;
				LD_RUNPATH_SEARCH_PATHS = (
					"$(inherited)",
					"@executable_path/Frameworks",
				);
				PRODUCT_BUNDLE_IDENTIFIER = com.obe.Hackathon;
				PRODUCT_NAME = "$(TARGET_NAME)";
				SWIFT_VERSION = 5.0;
				TARGETED_DEVICE_FAMILY = "1,2";
			};
			name = Release;
		};
/* End XCBuildConfiguration section */

/* Begin XCConfigurationList section */
		75A864E8263722CA00D769E4 /* Build configuration list for PBXProject "Hackathon" */ = {
			isa = XCConfigurationList;
			buildConfigurations = (
				75A864FF263722CC00D769E4 /* Debug */,
				75A86500263722CC00D769E4 /* Release */,
			);
			defaultConfigurationIsVisible = 0;
			defaultConfigurationName = Release;
		};
		75A86501263722CC00D769E4 /* Build configuration list for PBXNativeTarget "Hackathon" */ = {
			isa = XCConfigurationList;
			buildConfigurations = (
				75A86502263722CC00D769E4 /* Debug */,
				75A86503263722CC00D769E4 /* Release */,
			);
			defaultConfigurationIsVisible = 0;
			defaultConfigurationName = Release;
		};
/* End XCConfigurationList section */
	};
	rootObject = 75A864E5263722CA00D769E4 /* Project object */;
}
